
Microsoft Visual Studio Solution File, Format Version 12.00
# Visual Studio Version 17
VisualStudioVersion = 17.0.31903.59
MinimumVisualStudioVersion = 10.0.40219.1
Project("{9A19103F-16F7-4668-BE54-9A1E7A4F7556}") = "Icod.Pty", "Icod.Pty.csproj", "{527304E5-6C1D-4AB4-A21B-BE58E01E424F}"
EndProject
Project("{2150E333-8FDC-42A3-9474-1A3956D46DE8}") = "tools", "tools", "{07C2787E-EAC7-C090-1BA3-A61EC2A24D84}"
EndProject
Project("{FAE04EC0-301F-11D3-BF4B-00C04F79EFBC}") = "Icod.Pty.Host", "tools\Icod.Pty.Host\Icod.Pty.Host.csproj", "{E9614B7E-C09F-4A86-A113-E73D5340B69D}"
EndProject
Project("{2150E333-8FDC-42A3-9474-1A3956D46DE8}") = "tests", "tests", "{0AB3BF05-4346-4AA6-1389-037BE0695223}"
EndProject
Project("{FAE04EC0-301F-11D3-BF4B-00C04F79EFBC}") = "Icod.Pty.Tests", "tests\Icod.Pty.Tests\Icod.Pty.Tests.csproj", "{82DDABB7-DEED-4042-A19D-4D2E543AD839}"
EndProject
Project("{FAE04EC0-301F-11D3-BF4B-00C04F79EFBC}") = "Icod.Pty.TestChild", "tests\Icod.Pty.TestChild\Icod.Pty.TestChild.csproj", "{A56D45C7-3549-4D33-A319-C1E2E51CFF2B}"
EndProject
Project("{2150E333-8FDC-42A3-9474-1A3956D46DE8}") = "samples", "samples", "{5D20AA90-6969-D8BD-9DCD-8634F4692FDA}"
EndProject
Project("{FAE04EC0-301F-11D3-BF4B-00C04F79EFBC}") = "Icod.Pty.Sample", "samples\Icod.Pty.Sample\Icod.Pty.Sample.csproj", "{0B3FD9C2-6014-4CAF-AE7A-E8ACFA739A97}"
EndProject
Global
	GlobalSection(SolutionConfigurationPlatforms) = preSolution
		Debug|Any CPU = Debug|Any CPU
		Debug|x64 = Debug|x64
		Debug|x86 = Debug|x86
		Staging|Any CPU = Staging|Any CPU
		Staging|x64 = Staging|x64
		Staging|x86 = Staging|x86
		Release|Any CPU = Release|Any CPU
		Release|x64 = Release|x64
		Release|x86 = Release|x86
	EndGlobalSection
	GlobalSection(ProjectConfigurationPlatforms) = postSolution
		{527304E5-6C1D-4AB4-A21B-BE58E01E424F}.Debug|Any CPU.ActiveCfg = Debug|Any CPU
		{527304E5-6C1D-4AB4-A21B-BE58E01E424F}.Debug|Any CPU.Build.0 = Debug|Any CPU
		{527304E5-6C1D-4AB4-A21B-BE58E01E424F}.Debug|x64.ActiveCfg = Debug|Any CPU
		{527304E5-6C1D-4AB4-A21B-BE58E01E424F}.Debug|x64.Build.0 = Debug|Any CPU
		{527304E5-6C1D-4AB4-A21B-BE58E01E424F}.Debug|x86.ActiveCfg = Debug|Any CPU
		{527304E5-6C1D-4AB4-A21B-BE58E01E424F}.Debug|x86.Build.0 = Debug|Any CPU
		{527304E5-6C1D-4AB4-A21B-BE58E01E424F}.Staging|Any CPU.ActiveCfg = Staging|Any CPU
		{527304E5-6C1D-4AB4-A21B-BE58E01E424F}.Staging|Any CPU.Build.0 = Staging|Any CPU
		{527304E5-6C1D-4AB4-A21B-BE58E01E424F}.Staging|x64.ActiveCfg = Staging|Any CPU
		{527304E5-6C1D-4AB4-A21B-BE58E01E424F}.Staging|x64.Build.0 = Staging|Any CPU
		{527304E5-6C1D-4AB4-A21B-BE58E01E424F}.Staging|x86.ActiveCfg = Staging|Any CPU
		{527304E5-6C1D-4AB4-A21B-BE58E01E424F}.Staging|x86.Build.0 = Staging|Any CPU
		{527304E5-6C1D-4AB4-A21B-BE58E01E424F}.Release|Any CPU.ActiveCfg = Release|Any CPU
		{527304E5-6C1D-4AB4-A21B-BE58E01E424F}.Release|Any CPU.Build.0 = Release|Any CPU
		{527304E5-6C1D-4AB4-A21B-BE58E01E424F}.Release|x64.ActiveCfg = Release|Any CPU
		{527304E5-6C1D-4AB4-A21B-BE58E01E424F}.Release|x64.Build.0 = Release|Any CPU
		{527304E5-6C1D-4AB4-A21B-BE58E01E424F}.Release|x86.ActiveCfg = Release|Any CPU
		{527304E5-6C1D-4AB4-A21B-BE58E01E424F}.Release|x86.Build.0 = Release|Any CPU
		{E9614B7E-C09F-4A86-A113-E73D5340B69D}.Debug|Any CPU.ActiveCfg = Debug|Any CPU
		{E9614B7E-C09F-4A86-A113-E73D5340B69D}.Debug|Any CPU.Build.0 = Debug|Any CPU
		{E9614B7E-C09F-4A86-A113-E73D5340B69D}.Debug|x64.ActiveCfg = Debug|Any CPU
		{E9614B7E-C09F-4A86-A113-E73D5340B69D}.Debug|x64.Build.0 = Debug|Any CPU
		{E9614B7E-C09F-4A86-A113-E73D5340B69D}.Debug|x86.ActiveCfg = Debug|Any CPU
		{E9614B7E-C09F-4A86-A113-E73D5340B69D}.Debug|x86.Build.0 = Debug|Any CPU
		{E9614B7E-C09F-4A86-A113-E73D5340B69D}.Staging|Any CPU.ActiveCfg = Staging|Any CPU
		{E9614B7E-C09F-4A86-A113-E73D5340B69D}.Staging|Any CPU.Build.0 = Staging|Any CPU
		{E9614B7E-C09F-4A86-A113-E73D5340B69D}.Staging|x64.ActiveCfg = Staging|Any CPU
		{E9614B7E-C09F-4A86-A113-E73D5340B69D}.Staging|x64.Build.0 = Staging|Any CPU
		{E9614B7E-C09F-4A86-A113-E73D5340B69D}.Staging|x86.ActiveCfg = Staging|Any CPU
		{E9614B7E-C09F-4A86-A113-E73D5340B69D}.Staging|x86.Build.0 = Staging|Any CPU
		{E9614B7E-C09F-4A86-A113-E73D5340B69D}.Release|Any CPU.ActiveCfg = Release|Any CPU
		{E9614B7E-C09F-4A86-A113-E73D5340B69D}.Release|Any CPU.Build.0 = Release|Any CPU
		{E9614B7E-C09F-4A86-A113-E73D5340B69D}.Release|x64.ActiveCfg = Release|Any CPU
		{E9614B7E-C09F-4A86-A113-E73D5340B69D}.Release|x64.Build.0 = Release|Any CPU
		{E9614B7E-C09F-4A86-A113-E73D5340B69D}.Release|x86.ActiveCfg = Release|Any CPU
		{E9614B7E-C09F-4A86-A113-E73D5340B69D}.Release|x86.Build.0 = Release|Any CPU
		{82DDABB7-DEED-4042-A19D-4D2E543AD839}.Debug|Any CPU.ActiveCfg = Debug|Any CPU
		{82DDABB7-DEED-4042-A19D-4D2E543AD839}.Debug|Any CPU.Build.0 = Debug|Any CPU
		{82DDABB7-DEED-4042-A19D-4D2E543AD839}.Debug|x64.ActiveCfg = Debug|Any CPU
		{82DDABB7-DEED-4042-A19D-4D2E543AD839}.Debug|x64.Build.0 = Debug|Any CPU
		{82DDABB7-DEED-4042-A19D-4D2E543AD839}.Debug|x86.ActiveCfg = Debug|Any CPU
		{82DDABB7-DEED-4042-A19D-4D2E543AD839}.Debug|x86.Build.0 = Debug|Any CPU
		{82DDABB7-DEED-4042-A19D-4D2E543AD839}.Staging|Any CPU.ActiveCfg = Staging|Any CPU
		{82DDABB7-DEED-4042-A19D-4D2E543AD839}.Staging|Any CPU.Build.0 = Staging|Any CPU
		{82DDABB7-DEED-4042-A19D-4D2E543AD839}.Staging|x64.ActiveCfg = Staging|Any CPU
		{82DDABB7-DEED-4042-A19D-4D2E543AD839}.Staging|x64.Build.0 = Staging|Any CPU
		{82DDABB7-DEED-4042-A19D-4D2E543AD839}.Staging|x86.ActiveCfg = Staging|Any CPU
		{82DDABB7-DEED-4042-A19D-4D2E543AD839}.Staging|x86.Build.0 = Staging|Any CPU
		{82DDABB7-DEED-4042-A19D-4D2E543AD839}.Release|Any CPU.ActiveCfg = Release|Any CPU
		{82DDABB7-DEED-4042-A19D-4D2E543AD839}.Release|Any CPU.Build.0 = Release|Any CPU
		{82DDABB7-DEED-4042-A19D-4D2E543AD839}.Release|x64.ActiveCfg = Release|Any CPU
		{82DDABB7-DEED-4042-A19D-4D2E543AD839}.Release|x64.Build.0 = Release|Any CPU
		{82DDABB7-DEED-4042-A19D-4D2E543AD839}.Release|x86.ActiveCfg = Release|Any CPU
		{82DDABB7-DEED-4042-A19D-4D2E543AD839}.Release|x86.Build.0 = Release|Any CPU
		{A56D45C7-3549-4D33-A319-C1E2E51CFF2B}.Debug|Any CPU.ActiveCfg = Debug|Any CPU
		{A56D45C7-3549-4D33-A319-C1E2E51CFF2B}.Debug|Any CPU.Build.0 = Debug|Any CPU
		{A56D45C7-3549-4D33-A319-C1E2E51CFF2B}.Debug|x64.ActiveCfg = Debug|Any CPU
		{A56D45C7-3549-4D33-A319-C1E2E51CFF2B}.Debug|x64.Build.0 = Debug|Any CPU
		{A56D45C7-3549-4D33-A319-C1E2E51CFF2B}.Debug|x86.ActiveCfg = Debug|Any CPU
		{A56D45C7-3549-4D33-A319-C1E2E51CFF2B}.Debug|x86.Build.0 = Debug|Any CPU
		{A56D45C7-3549-4D33-A319-C1E2E51CFF2B}.Staging|Any CPU.ActiveCfg = Staging|Any CPU
		{A56D45C7-3549-4D33-A319-C1E2E51CFF2B}.Staging|Any CPU.Build.0 = Staging|Any CPU
		{A56D45C7-3549-4D33-A319-C1E2E51CFF2B}.Staging|x64.ActiveCfg = Staging|Any CPU
		{A56D45C7-3549-4D33-A319-C1E2E51CFF2B}.Staging|x64.Build.0 = Staging|Any CPU
		{A56D45C7-3549-4D33-A319-C1E2E51CFF2B}.Staging|x86.ActiveCfg = Staging|Any CPU
		{A56D45C7-3549-4D33-A319-C1E2E51CFF2B}.Staging|x86.Build.0 = Staging|Any CPU
		{A56D45C7-3549-4D33-A319-C1E2E51CFF2B}.Release|Any CPU.ActiveCfg = Release|Any CPU
		{A56D45C7-3549-4D33-A319-C1E2E51CFF2B}.Release|Any CPU.Build.0 = Release|Any CPU
		{A56D45C7-3549-4D33-A319-C1E2E51CFF2B}.Release|x64.ActiveCfg = Release|Any CPU
		{A56D45C7-3549-4D33-A319-C1E2E51CFF2B}.Release|x64.Build.0 = Release|Any CPU
		{A56D45C7-3549-4D33-A319-C1E2E51CFF2B}.Release|x86.ActiveCfg = Release|Any CPU
		{A56D45C7-3549-4D33-A319-C1E2E51CFF2B}.Release|x86.Build.0 = Release|Any CPU
		{0B3FD9C2-6014-4CAF-AE7A-E8ACFA739A97}.Debug|Any CPU.ActiveCfg = Debug|Any CPU
		{0B3FD9C2-6014-4CAF-AE7A-E8ACFA739A97}.Debug|Any CPU.Build.0 = Debug|Any CPU
		{0B3FD9C2-6014-4CAF-AE7A-E8ACFA739A97}.Debug|x64.ActiveCfg = Debug|Any CPU
		{0B3FD9C2-6014-4CAF-AE7A-E8ACFA739A97}.Debug|x64.Build.0 = Debug|Any CPU
		{0B3FD9C2-6014-4CAF-AE7A-E8ACFA739A97}.Debug|x86.ActiveCfg = Debug|Any CPU
		{0B3FD9C2-6014-4CAF-AE7A-E8ACFA739A97}.Debug|x86.Build.0 = Debug|Any CPU
		{0B3FD9C2-6014-4CAF-AE7A-E8ACFA739A97}.Staging|Any CPU.ActiveCfg = Staging|Any CPU
		{0B3FD9C2-6014-4CAF-AE7A-E8ACFA739A97}.Staging|Any CPU.Build.0 = Staging|Any CPU
		{0B3FD9C2-6014-4CAF-AE7A-E8ACFA739A97}.Staging|x64.ActiveCfg = Staging|Any CPU
		{0B3FD9C2-6014-4CAF-AE7A-E8ACFA739A97}.Staging|x64.Build.0 = Staging|Any CPU
		{0B3FD9C2-6014-4CAF-AE7A-E8ACFA739A97}.Staging|x86.ActiveCfg = Staging|Any CPU
		{0B3FD9C2-6014-4CAF-AE7A-E8ACFA739A97}.Staging|x86.Build.0 = Staging|Any CPU
		{0B3FD9C2-6014-4CAF-AE7A-E8ACFA739A97}.Release|Any CPU.ActiveCfg = Release|Any CPU
		{0B3FD9C2-6014-4CAF-AE7A-E8ACFA739A97}.Release|Any CPU.Build.0 = Release|Any CPU
		{0B3FD9C2-6014-4CAF-AE7A-E8ACFA739A97}.Release|x64.ActiveCfg = Release|Any CPU
		{0B3FD9C2-6014-4CAF-AE7A-E8ACFA739A97}.Release|x64.Build.0 = Release|Any CPU
		{0B3FD9C2-6014-4CAF-AE7A-E8ACFA739A97}.Release|x86.ActiveCfg = Release|Any CPU
		{0B3FD9C2-6014-4CAF-AE7A-E8ACFA739A97}.Release|x86.Build.0 = Release|Any CPU
	EndGlobalSection
	GlobalSection(SolutionProperties) = preSolution
		HideSolutionNode = FALSE
	EndGlobalSection
	GlobalSection(NestedProjects) = preSolution
		{E9614B7E-C09F-4A86-A113-E73D5340B69D} = {07C2787E-EAC7-C090-1BA3-A61EC2A24D84}
		{82DDABB7-DEED-4042-A19D-4D2E543AD839} = {0AB3BF05-4346-4AA6-1389-037BE0695223}
		{A56D45C7-3549-4D33-A319-C1E2E51CFF2B} = {0AB3BF05-4346-4AA6-1389-037BE0695223}
		{0B3FD9C2-6014-4CAF-AE7A-E8ACFA739A97} = {5D20AA90-6969-D8BD-9DCD-8634F4692FDA}
	EndGlobalSection
EndGlobal
